{
  "requires": true,
  "lockfileVersion": 1,
  "dependencies": {
    "simplelightbox": {
      "version": "2.14.1",
      "resolved": "https://registry.npmjs.org/simplelightbox/-/simplelightbox-2.14.1.tgz",
      "integrity": "sha512-REeHJetP+vq4hbKDkTf8apu7jAYOHws7PWc1j30O0q79NMIrg9g72smCyKWNTFyZtWdEd7WEu9DIClaG42s3Xg=="
    },
    "sweetalert2": {
      "version": "11.7.12",
      "resolved": "https://registry.npmjs.org/sweetalert2/-/sweetalert2-11.7.12.tgz",
      "integrity": "sha512-TQJy8mQymJLzqWPQOMQErd81Zd/rSYr0UL4pEc7bqEihtjS+zt7LWJXLhfPp93e+Hf3Z2FHMB6QGNskAMCsdTg=="
    }
  }
}
